version: 6
environments:
  default:
    channels:
    - url: https://conda.anaconda.org/conda-forge/
    packages:
      linux-64:
      - conda: https://conda.anaconda.org/conda-forge/linux-64/_openmp_mutex-4.5-3_kmp_llvm.conda
      - conda: https://conda.anaconda.org/conda-forge/linux-64/bzip2-1.0.8-h4bc722e_7.conda
      - conda: https://conda.anaconda.org/conda-forge/noarch/ca-certificates-2025.7.14-hbd8a1cb_0.conda
      - conda: https://conda.anaconda.org/conda-forge/linux-64/cffi-2.0.0-py313hf46b229_1.conda
      - conda: https://conda.anaconda.org/conda-forge/linux-64/clarabel-0.11.1-py313h5c7d99a_2.conda
      - conda: https://conda.anaconda.org/conda-forge/linux-64/cvxpy-1.9.1-py313h5f7d0c6_0.conda
      - conda: https://conda.anaconda.org/conda-forge/linux-64/cvxpy-base-1.9.1-np2py313h73dcb5b_0.conda
      - conda: https://conda.anaconda.org/conda-forge/linux-64/highspy-1.14.0-np2py313h73dcb5b_0.conda
      - conda: https://conda.anaconda.org/conda-forge/linux-64/icu-78.3-h33c6efd_0.conda
      - conda: https://conda.anaconda.org/conda-forge/noarch/jinja2-3.1.6-pyhcf101f3_1.conda
      - conda: https://conda.anaconda.org/conda-forge/noarch/joblib-1.5.3-pyhd8ed1ab_0.conda
      - conda: https://conda.anaconda.org/conda-forge/linux-64/ld_impl_linux-64-2.44-h1423503_1.conda
      - conda: https://conda.anaconda.org/conda-forge/linux-64/libblas-3.9.0-41_h5875eb1_mkl.conda
      - conda: https://conda.anaconda.org/conda-forge/linux-64/libcblas-3.9.0-41_hfef963f_mkl.conda
      - conda: https://conda.anaconda.org/conda-forge/linux-64/libexpat-2.8.1-hecca717_1.conda
      - conda: https://conda.anaconda.org/conda-forge/linux-64/libffi-3.5.2-h3435931_0.conda
      - conda: https://conda.anaconda.org/conda-forge/linux-64/libgcc-15.1.0-h767d61c_3.conda
      - conda: https://conda.anaconda.org/conda-forge/linux-64/libgcc-ng-15.1.0-h69a702a_3.conda
      - conda: https://conda.anaconda.org/conda-forge/linux-64/libgfortran-15.1.0-h69a702a_3.conda
      - conda: https://conda.anaconda.org/conda-forge/linux-64/libgfortran5-15.1.0-hcea5267_3.conda
      - conda: https://conda.anaconda.org/conda-forge/linux-64/libhwloc-2.13.0-default_he001693_1000.conda
      - conda: https://conda.anaconda.org/conda-forge/linux-64/libiconv-1.18-h4ce23a2_1.conda
      - conda: https://conda.anaconda.org/conda-forge/linux-64/liblapack-3.9.0-41_h5e43f62_mkl.conda
      - conda: https://conda.anaconda.org/conda-forge/linux-64/liblzma-5.8.3-hb03c661_0.conda
      - conda: https://conda.anaconda.org/conda-forge/linux-64/libmpdec-4.0.0-hb03c661_1.conda
      - conda: https://conda.anaconda.org/conda-forge/linux-64/libosqp-1.0.0-np2py312h1a77e3e_2.conda
      - conda: https://conda.anaconda.org/conda-forge/linux-64/libqdldl-0.1.8-h3f2d84a_1.conda
      - conda: https://conda.anaconda.org/conda-forge/linux-64/libsqlite-3.53.2-h0c1763c_0.conda
      - conda: https://conda.anaconda.org/conda-forge/linux-64/libstdcxx-15.1.0-h8f9b012_3.conda
      - conda: https://conda.anaconda.org/conda-forge/linux-64/libstdcxx-ng-15.1.0-h4852527_3.conda
      - conda: https://conda.anaconda.org/conda-forge/linux-64/libuuid-2.42.1-h5347b49_0.conda
      - conda: https://conda.anaconda.org/conda-forge/linux-64/libxml2-16-2.15.3-hca6bf5a_0.conda
      - conda: https://conda.anaconda.org/conda-forge/linux-64/libxml2-2.15.3-h49c6c72_0.conda
      - conda: https://conda.anaconda.org/conda-forge/linux-64/libzlib-1.3.2-h25fd6f3_2.conda
      - conda: https://conda.anaconda.org/conda-forge/linux-64/llvm-openmp-22.1.7-h4922eb0_0.conda
      - conda: https://conda.anaconda.org/conda-forge/linux-64/markupsafe-3.0.3-py313h3dea7bd_1.conda
      - conda: https://conda.anaconda.org/conda-forge/linux-64/mkl-2026.0.0-hecca717_915.conda
      - conda: https://conda.anaconda.org/conda-forge/linux-64/ncurses-6.6-hdb14827_0.conda
      - conda: https://conda.anaconda.org/conda-forge/linux-64/numpy-2.4.6-py313hf6604e3_0.conda
      - conda: https://conda.anaconda.org/conda-forge/linux-64/onemkl-license-2026.0.0-ha770c72_915.conda
      - conda: https://conda.anaconda.org/conda-forge/linux-64/openssl-3.5.7-h35e630c_0.conda
      - conda: https://conda.anaconda.org/conda-forge/linux-64/osqp-1.1.2-np2py313h73dcb5b_0.conda
      - conda: https://conda.anaconda.org/conda-forge/noarch/packaging-25.0-pyh29332c3_1.conda
      - conda: https://conda.anaconda.org/conda-forge/linux-64/pandas-3.0.3-py313hbfd7664_0.conda
      - conda: https://conda.anaconda.org/conda-forge/noarch/pycparser-3.0-pyhcf101f3_0.conda
      - conda: https://conda.anaconda.org/conda-forge/linux-64/python-3.13.14-h6add32d_100_cp313.conda
      - conda: https://conda.anaconda.org/conda-forge/noarch/python-dateutil-2.9.0.post0-pyhe01879c_2.conda
      - conda: https://conda.anaconda.org/conda-forge/noarch/python_abi-3.13-8_cp313.conda
      - conda: https://conda.anaconda.org/conda-forge/linux-64/qdldl-python-0.1.7.post5-np2py313h73dcb5b_3.conda
      - conda: https://conda.anaconda.org/conda-forge/linux-64/readline-8.3-h853b02a_0.conda
      - conda: https://conda.anaconda.org/conda-forge/linux-64/scipy-1.17.1-py313h4b8bb8b_1.conda
      - conda: https://conda.anaconda.org/conda-forge/linux-64/scs-3.2.11-mkl_py313hf312b4c_1.conda
      - conda: https://conda.anaconda.org/conda-forge/noarch/setuptools-82.0.1-pyh332efcf_0.conda
      - conda: https://conda.anaconda.org/conda-forge/noarch/six-1.17.0-pyhd8ed1ab_0.conda
      - conda: https://conda.anaconda.org/conda-forge/linux-64/tbb-2023.0.0-hab88423_2.conda
      - conda: https://conda.anaconda.org/conda-forge/linux-64/tk-8.6.13-noxft_hd72426e_102.conda
      - conda: https://conda.anaconda.org/conda-forge/noarch/tzdata-2025b-h78e105d_0.conda
      - conda: https://conda.anaconda.org/conda-forge/noarch/xarray-2025.7.1-pyhd8ed1ab_0.conda
packages:
- conda: https://conda.anaconda.org/conda-forge/linux-64/_openmp_mutex-4.5-3_kmp_llvm.conda
  build_number: 3
  sha256: cec7343e76c9da6a42c7e7cba53391daa6b46155054ef61a5ef522ea27c5a058
  md5: ee5c2118262e30b972bc0b4db8ef0ba5
  depends:
  - llvm-openmp >=9.0.1
  license: BSD-3-Clause
  license_family: BSD
  size: 7649
  timestamp: 1741390353130
- conda: https://conda.anaconda.org/conda-forge/linux-64/bzip2-1.0.8-h4bc722e_7.conda
  sha256: 5ced96500d945fb286c9c838e54fa759aa04a7129c59800f0846b4335cee770d
  md5: 62ee74e96c5ebb0af99386de58cf9553
  depends:
  - __glibc >=2.17,<3.0.a0
  - libgcc-ng >=12
  license: bzip2-1.0.6
  license_family: BSD
  size: 252783
  timestamp: 1720974456583
- conda: https://conda.anaconda.org/conda-forge/noarch/ca-certificates-2025.7.14-hbd8a1cb_0.conda
  sha256: 29defbd83c7829788358678ec996adeee252fa4d4274b7cd386c1ed73d2b201e
  md5: d16c90324aef024877d8713c0b7fea5b
  depends:
  - __unix
  license: ISC
  size: 155658
  timestamp: 1752482350666
- conda: https://conda.anaconda.org/conda-forge/linux-64/cffi-2.0.0-py313hf46b229_1.conda
  sha256: 2162a91819945c826c6ef5efe379e88b1df0fe9a387eeba23ddcf7ebeacd5bd6
  md5: d0616e7935acab407d1543b28c446f6f
  depends:
  - __glibc >=2.17,<3.0.a0
  - libffi >=3.5.2,<3.6.0a0
  - libgcc >=14
  - pycparser
  - python >=3.13,<3.14.0a0
  - python_abi 3.13.* *_cp313
  arch: x86_64
  platform: linux
  license: MIT
  license_family: MIT
  size: 298357
  timestamp: 1761202966461
- conda: https://conda.anaconda.org/conda-forge/linux-64/clarabel-0.11.1-py313h5c7d99a_2.conda
  sha256: aed91c1af0866a29779a3a49805a02b046d5d24c5956acaf07dd0cd9f990dbbe
  md5: e8f23c7a41e19e777084269ccf066050
  depends:
  - __glibc >=2.17,<3.0.a0
  - cffi
  - libgcc >=14
  - numpy
  - python >=3.13,<3.14.0a0
  - python_abi 3.13.* *_cp313
  - scipy
  constrains:
  - __glibc >=2.17
  arch: x86_64
  platform: linux
  license: Apache-2.0
  license_family: Apache
  size: 948229
  timestamp: 1765964021760
- conda: https://conda.anaconda.org/conda-forge/linux-64/cvxpy-1.9.1-py313h5f7d0c6_0.conda
  sha256: 5e41f867391176a0a53feef9a6bdc1d26dc92807efb1a8fc5f2a5e32d08f09a9
  md5: f6af7e2f8e4ce217bae232915884a325
  depends:
  - python
  - cvxpy-base ==1.9.1 np2py313h73dcb5b_0
  - highspy >=1.14.0
  - osqp >=1.0.0
  - clarabel >=0.5
  - scs >=3.2.4
  - python_abi 3.13.* *_cp313
  arch: x86_64
  platform: linux
  license: Apache-2.0
  license_family: Apache
  size: 260384
  timestamp: 1779914213090
- conda: https://conda.anaconda.org/conda-forge/linux-64/cvxpy-base-1.9.1-np2py313h73dcb5b_0.conda
  sha256: 33a00cb833531da4889e20492d23d48dba90e5f88eac50ecb405fb0f16555c42
  md5: 9979df4c75b94dad6509d1175905e72d
  depends:
  - python
  - scipy >=1.13.0
  - qdldl-python >=0.1.7.post5
  - numpy >=2
  - libgcc >=14
  - __glibc >=2.17,<3.0.a0
  - libstdcxx >=14
  - python_abi 3.13.* *_cp313
  - numpy >=1.23,<3
  arch: x86_64
  platform: linux
  license: Apache-2.0
  license_family: Apache
  size: 2211101
  timestamp: 1779914213090
- conda: https://conda.anaconda.org/conda-forge/linux-64/highspy-1.14.0-np2py313h73dcb5b_0.conda
  sha256: a0dec4e06cd933d50feb112fa7d8d785edd0ea780736e35a0dfdec9b0408a611
  md5: 9561f7539c398d804d98204ef7eb0be0
  depends:
  - python
  - numpy
  - libgcc >=14
  - libstdcxx >=14
  - __glibc >=2.17,<3.0.a0
  - python_abi 3.13.* *_cp313
  arch: x86_64
  platform: linux
  license: MIT
  license_family: MIT
  size: 2422337
  timestamp: 1775498235248
- conda: https://conda.anaconda.org/conda-forge/linux-64/icu-78.3-h33c6efd_0.conda
  sha256: fbf86c4a59c2ed05bbffb2ba25c7ed94f6185ec30ecb691615d42342baa1a16a
  md5: c80d8a3b84358cb967fa81e7075fbc8a
  depends:
  - __glibc >=2.17,<3.0.a0
  - libgcc >=14
  - libstdcxx >=14
  arch: x86_64
  platform: linux
  license: MIT
  license_family: MIT
  size: 12723451
  timestamp: 1773822285671
- conda: https://conda.anaconda.org/conda-forge/noarch/jinja2-3.1.6-pyhcf101f3_1.conda
  sha256: fc9ca7348a4f25fed2079f2153ecdcf5f9cf2a0bc36c4172420ca09e1849df7b
  md5: 04558c96691bed63104678757beb4f8d
  depends:
  - markupsafe >=2.0
  - python >=3.10
  - python
  license: BSD-3-Clause
  license_family: BSD
  size: 120685
  timestamp: 1764517220861
- conda: https://conda.anaconda.org/conda-forge/noarch/joblib-1.5.3-pyhd8ed1ab_0.conda
  sha256: 301539229d7be6420c084490b8145583291123f0ce6b92f56be5948a2c83a379
  md5: 615de2a4d97af50c350e5cf160149e77
  depends:
  - python >=3.10
  - setuptools
  license: BSD-3-Clause
  license_family: BSD
  size: 226448
  timestamp: 1765794135253
- conda: https://conda.anaconda.org/conda-forge/linux-64/ld_impl_linux-64-2.44-h1423503_1.conda
  sha256: 1a620f27d79217c1295049ba214c2f80372062fd251b569e9873d4a953d27554
  md5: 0be7c6e070c19105f966d3758448d018
  depends:
  - __glibc >=2.17,<3.0.a0
  constrains:
  - binutils_impl_linux-64 2.44
  license: GPL-3.0-only
  license_family: GPL
  size: 676044
  timestamp: 1752032747103
- conda: https://conda.anaconda.org/conda-forge/linux-64/libblas-3.9.0-41_h5875eb1_mkl.conda
  build_number: 41
  sha256: 64688e015aca42cfe76eb7969cf5a775ea2d44de1d6bd6522209e6b29ce8d842
  md5: f62f994bd8154ed29538e80c7ae7208d
  depends:
  - mkl >=2026.0.0,<2027.0a0
  constrains:
  - libcblas   3.9.0   41*_mkl
  - liblapacke 3.9.0   41*_mkl
  - blas 2.141   mkl
  - liblapack  3.9.0   41*_mkl
  arch: x86_64
  platform: linux
  track_features:
  - blas_mkl
  - blas_mkl_2
  license: BSD-3-Clause
  license_family: BSD
  size: 18304
  timestamp: 1779857315564
- conda: https://conda.anaconda.org/conda-forge/linux-64/libcblas-3.9.0-41_hfef963f_mkl.conda
  build_number: 41
  sha256: 37e16ccf9233b35e5f2ccb78e323fe15c5a971af3f024af185f3ee302677366c
  md5: 643f9400b871936e768bc61656e7bd1c
  depends:
  - libblas 3.9.0 41_h5875eb1_mkl
  constrains:
  - liblapack  3.9.0   41*_mkl
  - liblapacke 3.9.0   41*_mkl
  - blas 2.141   mkl
  arch: x86_64
  platform: linux
  track_features:
  - blas_mkl
  license: BSD-3-Clause
  license_family: BSD
  size: 17939
  timestamp: 1779857323025
- conda: https://conda.anaconda.org/conda-forge/linux-64/libexpat-2.8.1-hecca717_1.conda
  sha256: 16feffd9ddbbe5b718515d38ee376c685ba95491cd901244e24671d20b952a77
  md5: b24d3c612f71e7aa74158d92106318b2
  depends:
  - __glibc >=2.17,<3.0.a0
  - libgcc >=14
  constrains:
  - expat 2.8.1.*
  arch: x86_64
  platform: linux
  license: MIT
  license_family: MIT
  size: 77856
  timestamp: 1781203599810
- conda: https://conda.anaconda.org/conda-forge/linux-64/libffi-3.5.2-h3435931_0.conda
  sha256: 31f19b6a88ce40ebc0d5a992c131f57d919f73c0b92cd1617a5bec83f6e961e6
  md5: a360c33a5abe61c07959e449fa1453eb
  depends:
  - __glibc >=2.17,<3.0.a0
  - libgcc >=14
  arch: x86_64
  platform: linux
  license: MIT
  license_family: MIT
  size: 58592
  timestamp: 1769456073053
- conda: https://conda.anaconda.org/conda-forge/linux-64/libgcc-15.1.0-h767d61c_3.conda
  sha256: 59a87161212abe8acc57d318b0cc8636eb834cdfdfddcf1f588b5493644b39a3
  md5: 9e60c55e725c20d23125a5f0dd69af5d
  depends:
  - __glibc >=2.17,<3.0.a0
  - _openmp_mutex >=4.5
  constrains:
  - libgcc-ng ==15.1.0=*_3
  - libgomp 15.1.0 h767d61c_3
  license: GPL-3.0-only WITH GCC-exception-3.1
  license_family: GPL
  size: 824921
  timestamp: 1750808216066
- conda: https://conda.anaconda.org/conda-forge/linux-64/libgcc-ng-15.1.0-h69a702a_3.conda
  sha256: b0b0a5ee6ce645a09578fc1cb70c180723346f8a45fdb6d23b3520591c6d6996
  md5: e66f2b8ad787e7beb0f846e4bd7e8493
  depends:
  - libgcc 15.1.0 h767d61c_3
  license: GPL-3.0-only WITH GCC-exception-3.1
  license_family: GPL
  size: 29033
  timestamp: 1750808224854
- conda: https://conda.anaconda.org/conda-forge/linux-64/libgfortran-15.1.0-h69a702a_3.conda
  sha256: 77dd1f1efd327e6991e87f09c7c97c4ae1cfbe59d9485c41d339d6391ac9c183
  md5: bfbca721fd33188ef923dfe9ba172f29
  depends:
  - libgfortran5 15.1.0 hcea5267_3
  constrains:
  - libgfortran-ng ==15.1.0=*_3
  license: GPL-3.0-only WITH GCC-exception-3.1
  license_family: GPL
  size: 29057
  timestamp: 1750808257258
- conda: https://conda.anaconda.org/conda-forge/linux-64/libgfortran5-15.1.0-hcea5267_3.conda
  sha256: eea6c3cf22ad739c279b4d665e6cf20f8081f483b26a96ddd67d4df3c88dfa0a
  md5: 530566b68c3b8ce7eec4cd047eae19fe
  depends:
  - __glibc >=2.17,<3.0.a0
  - libgcc >=15.1.0
  constrains:
  - libgfortran 15.1.0
  license: GPL-3.0-only WITH GCC-exception-3.1
  license_family: GPL
  size: 1565627
  timestamp: 1750808236464
- conda: https://conda.anaconda.org/conda-forge/linux-64/libhwloc-2.13.0-default_he001693_1000.conda
  sha256: 5041d295813dfb84652557839825880aae296222ab725972285c5abe3b6e4288
  md5: c197985b58bc813d26b42881f0021c82
  depends:
  - __glibc >=2.17,<3.0.a0
  - libgcc >=14
  - libstdcxx >=14
  - libxml2
  - libxml2-16 >=2.14.6
  arch: x86_64
  platform: linux
  license: BSD-3-Clause
  license_family: BSD
  size: 2436378
  timestamp: 1770953868164
- conda: https://conda.anaconda.org/conda-forge/linux-64/libiconv-1.18-h4ce23a2_1.conda
  sha256: 18a4afe14f731bfb9cf388659994263904d20111e42f841e9eea1bb6f91f4ab4
  md5: e796ff8ddc598affdf7c173d6145f087
  depends:
  - __glibc >=2.17,<3.0.a0
  - libgcc >=13
  license: LGPL-2.1-only
  size: 713084
  timestamp: 1740128065462
- conda: https://conda.anaconda.org/conda-forge/linux-64/liblapack-3.9.0-41_h5e43f62_mkl.conda
  build_number: 41
  sha256: 4e15acb7565e2bedebe79cd60188d7e8a3960324e9247d7381b52903a4071400
  md5: 1afe33d9570dfcda378562629f2635f2
  depends:
  - libblas 3.9.0 41_h5875eb1_mkl
  constrains:
  - libcblas   3.9.0   41*_mkl
  - liblapacke 3.9.0   41*_mkl
  - blas 2.141   mkl
  arch: x86_64
  platform: linux
  track_features:
  - blas_mkl
  license: BSD-3-Clause
  license_family: BSD
  size: 17960
  timestamp: 1779857330341
- conda: https://conda.anaconda.org/conda-forge/linux-64/liblzma-5.8.3-hb03c661_0.conda
  sha256: ec30e52a3c1bf7d0425380a189d209a52baa03f22fb66dd3eb587acaa765bd6d
  md5: b88d90cad08e6bc8ad540cb310a761fb
  depends:
  - __glibc >=2.17,<3.0.a0
  - libgcc >=14
  constrains:
  - xz 5.8.3.*
  arch: x86_64
  platform: linux
  license: 0BSD
  size: 113478
  timestamp: 1775825492909
- conda: https://conda.anaconda.org/conda-forge/linux-64/libmpdec-4.0.0-hb03c661_1.conda
  sha256: fe171ed5cf5959993d43ff72de7596e8ac2853e9021dec0344e583734f1e0843
  md5: 2c21e66f50753a083cbe6b80f38268fa
  depends:
  - __glibc >=2.17,<3.0.a0
  - libgcc >=14
  arch: x86_64
  platform: linux
  license: BSD-2-Clause
  license_family: BSD
  size: 92400
  timestamp: 1769482286018
- conda: https://conda.anaconda.org/conda-forge/linux-64/libosqp-1.0.0-np2py312h1a77e3e_2.conda
  sha256: beea43c6cb34d590e936e287b5491b8948947c86261780a753d4a545f60eba72
  md5: c4396a2e825d384f18244dd34661248f
  depends:
  - libstdcxx >=14
  - libgcc >=14
  - __glibc >=2.17,<3.0.a0
  - libgcc >=14
  - libqdldl >=0.1.8,<0.1.9.0a0
  arch: x86_64
  platform: linux
  license: Apache-2.0
  license_family: APACHE
  size: 85763
  timestamp: 1760460227302
- conda: https://conda.anaconda.org/conda-forge/linux-64/libqdldl-0.1.8-h3f2d84a_1.conda
  sha256: daed72abc320ec9b33a9c7092a160f9683d04425fa194e789829d06528c4b266
  md5: 3459f613a2c36a161d0cee2f38bfd9d6
  depends:
  - libstdcxx >=13
  - libgcc >=13
  - __glibc >=2.17,<3.0.a0
  arch: x86_64
  platform: linux
  license: Apache-2.0
  license_family: APACHE
  size: 21954
  timestamp: 1744008123582
- conda: https://conda.anaconda.org/conda-forge/linux-64/libsqlite-3.53.2-h0c1763c_0.conda
  sha256: 1ab603b6ec93933e76027e1f23b21b22b858ba1b56f1e1695ef6fe5e80cb7358
  md5: 062b0ac602fb0adf250e3dfa86f221c4
  depends:
  - __glibc >=2.17,<3.0.a0
  - libgcc >=14
  - libzlib >=1.3.2,<2.0a0
  arch: x86_64
  platform: linux
  license: blessing
  size: 957849
  timestamp: 1780574429573
- conda: https://conda.anaconda.org/conda-forge/linux-64/libstdcxx-15.1.0-h8f9b012_3.conda
  sha256: 7650837344b7850b62fdba02155da0b159cf472b9ab59eb7b472f7bd01dff241
  md5: 6d11a5edae89fe413c0569f16d308f5a
  depends:
  - __glibc >=2.17,<3.0.a0
  - libgcc 15.1.0 h767d61c_3
  license: GPL-3.0-only WITH GCC-exception-3.1
  license_family: GPL
  size: 3896407
  timestamp: 1750808251302
- conda: https://conda.anaconda.org/conda-forge/linux-64/libstdcxx-ng-15.1.0-h4852527_3.conda
  sha256: bbaea1ecf973a7836f92b8ebecc94d3c758414f4de39d2cc6818a3d10cb3216b
  md5: 57541755b5a51691955012b8e197c06c
  depends:
  - libstdcxx 15.1.0 h8f9b012_3
  license: GPL-3.0-only WITH GCC-exception-3.1
  license_family: GPL
  size: 29093
  timestamp: 1750808292700
- conda: https://conda.anaconda.org/conda-forge/linux-64/libuuid-2.42.1-h5347b49_0.conda
  sha256: 3f0edf1280e2f6684a986f821eaa3e123d2694a00b31b96ca0d4a4c12c129231
  md5: 7d0a66598195ef00b6efc55aefc7453b
  depends:
  - __glibc >=2.17,<3.0.a0
  - libgcc >=14
  arch: x86_64
  platform: linux
  license: BSD-3-Clause
  license_family: BSD
  size: 40163
  timestamp: 1779118517630
- conda: https://conda.anaconda.org/conda-forge/linux-64/libxml2-2.15.3-h49c6c72_0.conda
  sha256: 3bc5551720c58591f6ea1146f7d1539c734ed1c40e7b9f5cb8cb7e900c509aba
  md5: 995d8c8bad2a3cc8db14675a153dec2b
  depends:
  - __glibc >=2.17,<3.0.a0
  - icu >=78.3,<79.0a0
  - libgcc >=14
  - libiconv >=1.18,<2.0a0
  - liblzma >=5.8.3,<6.0a0
  - libxml2-16 2.15.3 hca6bf5a_0
  - libzlib >=1.3.2,<2.0a0
  arch: x86_64
  platform: linux
  license: MIT
  license_family: MIT
  size: 46810
  timestamp: 1776376751152
- conda: https://conda.anaconda.org/conda-forge/linux-64/libxml2-16-2.15.3-hca6bf5a_0.conda
  sha256: 3d44f737c5ae52d5af32682cc1530df433f401f8e58a7533926536244127572a
  md5: e79d2c2f24b027aa8d5ab1b1ba3061e7
  depends:
  - __glibc >=2.17,<3.0.a0
  - icu >=78.3,<79.0a0
  - libgcc >=14
  - libiconv >=1.18,<2.0a0
  - liblzma >=5.8.3,<6.0a0
  - libzlib >=1.3.2,<2.0a0
  constrains:
  - libxml2 2.15.3
  arch: x86_64
  platform: linux
  license: MIT
  license_family: MIT
  size: 559775
  timestamp: 1776376739004
- conda: https://conda.anaconda.org/conda-forge/linux-64/libzlib-1.3.2-h25fd6f3_2.conda
  sha256: 55044c403570f0dc26e6364de4dc5368e5f3fc7ff103e867c487e2b5ab2bcda9
  md5: d87ff7921124eccd67248aa483c23fec
  depends:
  - __glibc >=2.17,<3.0.a0
  constrains:
  - zlib 1.3.2 *_2
  arch: x86_64
  platform: linux
  license: Zlib
  license_family: Other
  size: 63629
  timestamp: 1774072609062
- conda: https://conda.anaconda.org/conda-forge/linux-64/llvm-openmp-22.1.7-h4922eb0_0.conda
  sha256: 41941a6edc8358ec41617252cfec6b9e560cdfdf6d5a5c7d3c2562f43a3b66cb
  md5: 362702bd1f3c1b06ba5908ff18ef6d8c
  depends:
  - __glibc >=2.17,<3.0.a0
  constrains:
  - openmp 22.1.7|22.1.7.*
  - intel-openmp <0.0a0
  arch: x86_64
  platform: linux
  license: Apache-2.0 WITH LLVM-exception
  license_family: APACHE
  size: 6119827
  timestamp: 1780455599472
- conda: https://conda.anaconda.org/conda-forge/linux-64/markupsafe-3.0.3-py313h3dea7bd_1.conda
  sha256: 72ed7c0216541d65a17b171bf2eec4a3b81e9158d8ed48e59e1ecd3ae302d263
  md5: aeb9b9da79fd0258b3db091d1fefcd71
  depends:
  - __glibc >=2.17,<3.0.a0
  - libgcc >=14
  - python >=3.13,<3.14.0a0
  - python_abi 3.13.* *_cp313
  constrains:
  - jinja2 >=3.0.0
  arch: x86_64
  platform: linux
  license: BSD-3-Clause
  license_family: BSD
  size: 26100
  timestamp: 1772445154165
- conda: https://conda.anaconda.org/conda-forge/linux-64/mkl-2026.0.0-hecca717_915.conda
  sha256: 740a02cf7b3c0d6dd47dbb4d2e222ed23d326971fe608d737614db1033bd107d
  md5: 09feb8740f611ceb96f8b598bf08cdba
  depends:
  - __glibc >=2.17,<3.0.a0
  - _openmp_mutex * *_llvm
  - _openmp_mutex >=4.5
  - libgcc >=14
  - libstdcxx >=14
  - llvm-openmp >=22.1.7
  - onemkl-license 2026.0.0 ha770c72_915
  - tbb >=2023.0.0
  arch: x86_64
  platform: linux
  license: LicenseRef-IntelSimplifiedSoftwareOct2022
  license_family: Proprietary
  size: 143201396
  timestamp: 1781016571972
- conda: https://conda.anaconda.org/conda-forge/linux-64/ncurses-6.6-hdb14827_0.conda
  sha256: fc89f74bbe362fb29fa3c037697a89bec140b346a2469a90f7936d1d7ea4d8a3
  md5: fc21868a1a5aacc937e7a18747acb8a5
  depends:
  - __glibc >=2.17,<3.0.a0
  - libgcc >=14
  arch: x86_64
  platform: linux
  license: X11 AND BSD-3-Clause
  size: 918956
  timestamp: 1777422145199
- conda: https://conda.anaconda.org/conda-forge/linux-64/numpy-2.4.6-py313hf6604e3_0.conda
  sha256: 3740c9bc562db9c6f252f8697c5c7948bb48784346856f6d6308aba72ea4f00b
  md5: a5fdb80595ec7912e6b1634b2abd4b50
  depends:
  - python
  - libstdcxx >=14
  - libgcc >=14
  - __glibc >=2.17,<3.0.a0
  - libcblas >=3.9.0,<4.0a0
  - python_abi 3.13.* *_cp313
  - liblapack >=3.9.0,<4.0a0
  - libblas >=3.9.0,<4.0a0
  constrains:
  - numpy-base <0a0
  arch: x86_64
  platform: linux
  license: BSD-3-Clause
  license_family: BSD
  size: 8864096
  timestamp: 1779169199037
- conda: https://conda.anaconda.org/conda-forge/linux-64/onemkl-license-2026.0.0-ha770c72_915.conda
  sha256: 80008386bb19f8dffc8873d6c1c16f22bb63f19c960d774b647b9a01e99ad624
  md5: 0f40953c960dc51ed18611a48f4b22a0
  arch: x86_64
  platform: linux
  license: LicenseRef-IntelSimplifiedSoftwareOct2022
  license_family: Proprietary
  size: 39966
  timestamp: 1781016460562
- conda: https://conda.anaconda.org/conda-forge/linux-64/openssl-3.5.7-h35e630c_0.conda
  sha256: 11be08ba8998fe0ea8442815081fded8332831d859fbc1c4126500bcec77d4d6
  md5: 7c6baeb7ac677ee7c246c59623e4c844
  depends:
  - __glibc >=2.17,<3.0.a0
  - ca-certificates
  - libgcc >=14
  arch: x86_64
  platform: linux
  license: Apache-2.0
  license_family: Apache
  size: 3130315
  timestamp: 1781069847378
- conda: https://conda.anaconda.org/conda-forge/linux-64/osqp-1.1.2-np2py313h73dcb5b_0.conda
  sha256: 50eb5da31b9eb31835c070fce713b6d3d4236a434c6a42d45ae9cd0c357e045c
  md5: 4ea26ff70f3dbbd87254fbddd61023ef
  depends:
  - python
  - qdldl-python
  - jinja2
  - joblib
  - scipy
  - libgcc >=14
  - __glibc >=2.17,<3.0.a0
  - libstdcxx >=14
  - python_abi 3.13.* *_cp313
  - numpy >=1.23,<3
  - libosqp >=1.0.0,<1.0.1.0a0
  arch: x86_64
  platform: linux
  license: Apache-2.0
  license_family: APACHE
  size: 244400
  timestamp: 1781146889269
- conda: https://conda.anaconda.org/conda-forge/noarch/packaging-25.0-pyh29332c3_1.conda
  sha256: 289861ed0c13a15d7bbb408796af4de72c2fe67e2bcb0de98f4c3fce259d7991
  md5: 58335b26c38bf4a20f399384c33cbcf9
  depends:
  - python >=3.8
  - python
  license: Apache-2.0
  license_family: APACHE
  size: 62477
  timestamp: 1745345660407
- conda: https://conda.anaconda.org/conda-forge/linux-64/pandas-3.0.3-py313hbfd7664_0.conda
  sha256: a02d58327a57eb2f149c040b31c758fc6acea7c6aa5cb09b40b146eb6ed637d9
  md5: 70d4dd67877354f6912af31177cb1117
  depends:
  - python
  - numpy >=1.26.0
  - python-dateutil >=2.8.2
  - libgcc >=14
  - libstdcxx >=14
  - __glibc >=2.17,<3.0.a0
  - python_abi 3.13.* *_cp313
  - numpy >=1.23,<3
  constrains:
  - adbc-driver-postgresql >=1.2.0
  - adbc-driver-sqlite >=1.2.0
  - beautifulsoup4 >=4.12.3
  - blosc >=1.21.3
  - bottleneck >=1.4.2
  - fastparquet >=2024.11.0
  - fsspec >=2024.10.0
  - gcsfs >=2024.10.0
  - html5lib >=1.1
  - hypothesis >=6.116.0
  - jinja2 >=3.1.5
  - lxml >=5.3.0
  - matplotlib >=3.9.3
  - numba >=0.60.0
  - numexpr >=2.10.2
  - odfpy >=1.4.1
  - openpyxl >=3.1.5
  - psycopg2 >=2.9.10
  - pyarrow >=13.0.0
  - pyiceberg >=0.8.1
  - pymysql >=1.1.1
  - pyqt5 >=5.15.9
  - pyreadstat >=1.2.8
  - pytables >=3.10.1
  - pytest >=8.3.4
  - pytest-xdist >=3.6.1
  - python-calamine >=0.3.0
  - pytz >=2024.2
  - pyxlsb >=1.0.10
  - qtpy >=2.4.2
  - scipy >=1.14.1
  - s3fs >=2024.10.0
  - sqlalchemy >=2.0.36
  - tabulate >=0.9.0
  - xarray >=2024.10.0
  - xlrd >=2.0.1
  - xlsxwriter >=3.2.0
  - zstandard >=0.23.0
  arch: x86_64
  platform: linux
  license: BSD-3-Clause
  license_family: BSD
  size: 15001668
  timestamp: 1778602610159
- conda: https://conda.anaconda.org/conda-forge/noarch/pycparser-3.0-pyhcf101f3_0.conda
  sha256: e27e0473fc6723311a0bd48b89b616fa1b996a2f7a2b555338cbbcfb9c640568
  md5: 9c5491066224083c41b6d5635ed7107b
  depends:
  - python >=3.10
  - python
  license: BSD-3-Clause
  license_family: BSD
  size: 55886
  timestamp: 1779293633166
- conda: https://conda.anaconda.org/conda-forge/linux-64/python-3.13.14-h6add32d_100_cp313.conda
  build_number: 100
  sha256: f2146aff59ce4b571a8f1d1acf94f9bed6cc18ab5632d7dcc940fb48ecdeef99
  md5: 93762cd272814a142cf21d794f8fb0c1
  depends:
  - __glibc >=2.17,<3.0.a0
  - bzip2 >=1.0.8,<2.0a0
  - ld_impl_linux-64 >=2.36.1
  - libexpat >=2.8.1,<3.0a0
  - libffi >=3.5.2,<3.6.0a0
  - libgcc >=14
  - liblzma >=5.8.3,<6.0a0
  - libmpdec >=4.0.0,<5.0a0
  - libsqlite >=3.53.2,<4.0a0
  - libuuid >=2.42.1,<3.0a0
  - libzlib >=1.3.2,<2.0a0
  - ncurses >=6.6,<7.0a0
  - openssl >=3.5.7,<4.0a0
  - python_abi 3.13.* *_cp313
  - readline >=8.3,<9.0a0
  - tk >=8.6.13,<8.7.0a0
  - tzdata
  arch: x86_64
  platform: linux
  license: Python-2.0
  size: 37398694
  timestamp: 1781258934574
  python_site_packages_path: lib/python3.13/site-packages
- conda: https://conda.anaconda.org/conda-forge/noarch/python-dateutil-2.9.0.post0-pyhe01879c_2.conda
  sha256: d6a17ece93bbd5139e02d2bd7dbfa80bee1a4261dced63f65f679121686bf664
  md5: 5b8d21249ff20967101ffa321cab24e8
  depends:
  - python >=3.9
  - six >=1.5
  - python
  license: Apache-2.0
  license_family: APACHE
  size: 233310
  timestamp: 1751104122689
- conda: https://conda.anaconda.org/conda-forge/noarch/python_abi-3.13-8_cp313.conda
  build_number: 8
  sha256: 210bffe7b121e651419cb196a2a63687b087497595c9be9d20ebe97dd06060a7
  md5: 94305520c52a4aa3f6c2b1ff6008d9f8
  constrains:
  - python 3.13.* *_cp313
  license: BSD-3-Clause
  license_family: BSD
  size: 7002
  timestamp: 1752805902938
- conda: https://conda.anaconda.org/conda-forge/linux-64/qdldl-python-0.1.7.post5-np2py313h73dcb5b_3.conda
  sha256: c17e6e0489973875123b8cd5da82a81d87ba9d4c07e53515b226f1cf5ea43cf7
  md5: 7e537d37178e64cba941034c785d9076
  depends:
  - python
  - scipy
  - libgcc >=14
  - libstdcxx >=14
  - libgcc >=14
  - __glibc >=2.17,<3.0.a0
  - libqdldl >=0.1.8,<0.1.9.0a0
  - python_abi 3.13.* *_cp313
  - numpy >=1.23,<3
  arch: x86_64
  platform: linux
  license: Apache-2.0
  license_family: APACHE
  size: 148051
  timestamp: 1757138886630
- conda: https://conda.anaconda.org/conda-forge/linux-64/readline-8.3-h853b02a_0.conda
  sha256: 12ffde5a6f958e285aa22c191ca01bbd3d6e710aa852e00618fa6ddc59149002
  md5: d7d95fc8287ea7bf33e0e7116d2b95ec
  depends:
  - __glibc >=2.17,<3.0.a0
  - libgcc >=14
  - ncurses >=6.5,<7.0a0
  arch: x86_64
  platform: linux
  license: GPL-3.0-only
  license_family: GPL
  size: 345073
  timestamp: 1765813471974
- conda: https://conda.anaconda.org/conda-forge/linux-64/scipy-1.17.1-py313h4b8bb8b_1.conda
  sha256: 2ecb1a3d6aacd20e279a72196954bc8de2e83302823f9dd9f8b9b3310d1bf515
  md5: 4b098461b0b5edff1a9359c25e675cfd
  depends:
  - __glibc >=2.17,<3.0.a0
  - libblas >=3.9.0,<4.0a0
  - libcblas >=3.9.0,<4.0a0
  - libgcc >=14
  - libgfortran
  - libgfortran5 >=14.3.0
  - liblapack >=3.9.0,<4.0a0
  - libstdcxx >=14
  - numpy <2.7
  - numpy >=1.23,<3
  - numpy >=1.25.2
  - python >=3.13,<3.14.0a0
  - python_abi 3.13.* *_cp313
  arch: x86_64
  platform: linux
  license: BSD-3-Clause
  license_family: BSD
  size: 17184702
  timestamp: 1779874789436
- conda: https://conda.anaconda.org/conda-forge/linux-64/scs-3.2.11-mkl_py313hf312b4c_1.conda
  sha256: 92581fef13147ae36a03f50bb75dd5bd35bb1542362e11148e723c7ffc383bb7
  md5: 9f37ecf8bb0ef1ec1877725104a9c2b3
  depends:
  - python
  - scipy >=0.13.2
  - libblas * *mkl
  - liblapack * *mkl
  - __glibc >=2.17,<3.0.a0
  - libgcc >=14
  - numpy >=1.23,<3
  - mkl >=2026.0.0,<2027.0a0
  - liblapack >=3.9.0,<3.10.0a0
  - python_abi 3.13.* *_cp313
  - libblas >=3.9.0,<4.0a0
  constrains:
  - cvxpy >1.1.15
  arch: x86_64
  platform: linux
  license: MIT
  license_family: MIT
  size: 106310
  timestamp: 1778570636357
- conda: https://conda.anaconda.org/conda-forge/noarch/setuptools-82.0.1-pyh332efcf_0.conda
  sha256: 82088a6e4daa33329a30bc26dc19a98c7c1d3f05c0f73ce9845d4eab4924e9e1
  md5: 8e194e7b992f99a5015edbd4ebd38efd
  depends:
  - python >=3.10
  license: MIT
  license_family: MIT
  size: 639697
  timestamp: 1773074868565
- conda: https://conda.anaconda.org/conda-forge/noarch/six-1.17.0-pyhd8ed1ab_0.conda
  sha256: 41db0180680cc67c3fa76544ffd48d6a5679d96f4b71d7498a759e94edc9a2db
  md5: a451d576819089b0d672f18768be0f65
  depends:
  - python >=3.9
  license: MIT
  license_family: MIT
  size: 16385
  timestamp: 1733381032766
- conda: https://conda.anaconda.org/conda-forge/linux-64/tbb-2023.0.0-hab88423_2.conda
  sha256: 30cb9355c2fefc20ff1a3d6566b9714d5614086a2524c07721fc344eb20515ae
  md5: 7073b15f9364ebc118998601ac6ca6a6
  depends:
  - __glibc >=2.17,<3.0.a0
  - libgcc >=14
  - libhwloc >=2.13.0,<2.13.1.0a0
  - libstdcxx >=14
  arch: x86_64
  platform: linux
  license: Apache-2.0
  license_family: APACHE
  size: 182331
  timestamp: 1778673758649
- conda: https://conda.anaconda.org/conda-forge/linux-64/tk-8.6.13-noxft_hd72426e_102.conda
  sha256: a84ff687119e6d8752346d1d408d5cf360dee0badd487a472aa8ddedfdc219e1
  md5: a0116df4f4ed05c303811a837d5b39d8
  depends:
  - __glibc >=2.17,<3.0.a0
  - libgcc >=13
  - libzlib >=1.3.1,<2.0a0
  license: TCL
  license_family: BSD
  size: 3285204
  timestamp: 1748387766691
- conda: https://conda.anaconda.org/conda-forge/noarch/tzdata-2025b-h78e105d_0.conda
  sha256: 5aaa366385d716557e365f0a4e9c3fca43ba196872abbbe3d56bb610d131e192
  md5: 4222072737ccff51314b5ece9c7d6f5a
  license: LicenseRef-Public-Domain
  size: 122968
  timestamp: 1742727099393
- conda: https://conda.anaconda.org/conda-forge/noarch/xarray-2025.7.1-pyhd8ed1ab_0.conda
  sha256: f719959edfc9996630b1b2a41309be4daf6aefe6b5d09a81f06f90f7c9b33cf0
  md5: c82f70c3a5ef5ed1701baa92b6ba2d8e
  depends:
  - numpy >=1.26
  - packaging >=24.1
  - pandas >=2.2
  - python >=3.11
  constrains:
  - h5py >=3.11
  - zarr >=2.18
  - sparse >=0.15
  - toolz >=0.12
  - numba >=0.60
  - scipy >=1.13
  - cartopy >=0.23
  - distributed >=2024.6
  - dask-core >=2024.6
  - nc-time-axis >=1.4
  - hdf5 >=1.14
  - iris >=3.9
  - cftime >=1.6
  - bottleneck >=1.4
  - h5netcdf >=1.3
  - flox >=0.9
  - pint >=0.24
  - seaborn-base >=0.13
  - netcdf4 >=1.6.0
  - matplotlib-base >=3.8
  license: Apache-2.0
  license_family: APACHE
  size: 883059
  timestamp: 1752140533516
