version: 6
environments:
  default:
    channels:
    - url: https://conda.anaconda.org/conda-forge/
    packages:
      osx-arm64:
      - conda: https://conda.anaconda.org/conda-forge/osx-arm64/bzip2-1.0.8-h99b78c6_7.conda
      - conda: https://conda.anaconda.org/conda-forge/noarch/ca-certificates-2025.7.14-hbd8a1cb_0.conda
      - conda: https://conda.anaconda.org/conda-forge/osx-arm64/clarabel-0.11.1-py312hfb10456_0.conda
      - conda: https://conda.anaconda.org/conda-forge/osx-arm64/cvxpy-1.5.3-py312h1f38498_0.conda
      - conda: https://conda.anaconda.org/conda-forge/osx-arm64/cvxpy-base-1.5.3-py312h8ae5369_0.conda
      - conda: https://conda.anaconda.org/conda-forge/osx-arm64/ecos-2.0.14-py312h755e627_1.conda
      - conda: https://conda.anaconda.org/conda-forge/osx-arm64/libblas-3.9.0-32_h10e41b3_openblas.conda
      - conda: https://conda.anaconda.org/conda-forge/osx-arm64/libcblas-3.9.0-32_hb3479ef_openblas.conda
      - conda: https://conda.anaconda.org/conda-forge/osx-arm64/libcxx-20.1.8-hf598326_1.conda
      - conda: https://conda.anaconda.org/conda-forge/osx-arm64/libexpat-2.7.1-hec049ff_0.conda
      - conda: https://conda.anaconda.org/conda-forge/osx-arm64/libffi-3.4.6-h1da3d7d_1.conda
      - conda: https://conda.anaconda.org/conda-forge/osx-arm64/libgfortran-5.0.0-14_2_0_h6c33f7e_103.conda
      - conda: https://conda.anaconda.org/conda-forge/osx-arm64/libgfortran5-14.2.0-h6c33f7e_103.conda
      - conda: https://conda.anaconda.org/conda-forge/osx-arm64/liblapack-3.9.0-32_hc9a63f6_openblas.conda
      - conda: https://conda.anaconda.org/conda-forge/osx-arm64/liblzma-5.8.1-h39f12f2_2.conda
      - conda: https://conda.anaconda.org/conda-forge/osx-arm64/libopenblas-0.3.30-openmp_hf332438_0.conda
      - conda: https://conda.anaconda.org/conda-forge/osx-arm64/libosqp-0.6.3-h5833ebf_1.conda
      - conda: https://conda.anaconda.org/conda-forge/osx-arm64/libqdldl-0.1.7-hb7217d7_0.conda
      - conda: https://conda.anaconda.org/conda-forge/osx-arm64/libsqlite-3.50.3-hf8de324_0.conda
      - conda: https://conda.anaconda.org/conda-forge/osx-arm64/libzlib-1.3.1-h8359307_2.conda
      - conda: https://conda.anaconda.org/conda-forge/osx-arm64/llvm-openmp-20.1.8-hbb9b287_0.conda
      - conda: https://conda.anaconda.org/conda-forge/osx-arm64/ncurses-6.5-h5e97a16_3.conda
      - conda: https://conda.anaconda.org/conda-forge/osx-arm64/numpy-2.3.1-py312h2f38b44_1.conda
      - conda: https://conda.anaconda.org/conda-forge/osx-arm64/openssl-3.5.1-h81ee809_0.conda
      - conda: https://conda.anaconda.org/conda-forge/osx-arm64/osqp-0.6.7.post3-py312h72a45a2_1.conda
      - conda: https://conda.anaconda.org/conda-forge/noarch/packaging-25.0-pyh29332c3_1.conda
      - conda: https://conda.anaconda.org/conda-forge/osx-arm64/pandas-2.3.1-py312h98f7732_0.conda
      - conda: https://conda.anaconda.org/conda-forge/osx-arm64/python-3.12.11-hc22306f_0_cpython.conda
      - conda: https://conda.anaconda.org/conda-forge/noarch/python-dateutil-2.9.0.post0-pyhe01879c_2.conda
      - conda: https://conda.anaconda.org/conda-forge/noarch/python-tzdata-2025.2-pyhd8ed1ab_0.conda
      - conda: https://conda.anaconda.org/conda-forge/noarch/python_abi-3.12-8_cp312.conda
      - conda: https://conda.anaconda.org/conda-forge/noarch/pytz-2025.2-pyhd8ed1ab_0.conda
      - conda: https://conda.anaconda.org/conda-forge/osx-arm64/qdldl-python-0.1.7.post5-np20py312h7ca56ae_1.conda
      - conda: https://conda.anaconda.org/conda-forge/osx-arm64/readline-8.2-h1d1bf99_2.conda
      - conda: https://conda.anaconda.org/conda-forge/osx-arm64/scipy-1.16.0-py312hcedbd36_0.conda
      - conda: https://conda.anaconda.org/conda-forge/osx-arm64/scs-3.2.7.post2-default_py312h2836932_0.conda
      - conda: https://conda.anaconda.org/conda-forge/noarch/six-1.17.0-pyhd8ed1ab_0.conda
      - conda: https://conda.anaconda.org/conda-forge/osx-arm64/tk-8.6.13-h892fb3f_2.conda
      - conda: https://conda.anaconda.org/conda-forge/noarch/tzdata-2025b-h78e105d_0.conda
      - conda: https://conda.anaconda.org/conda-forge/noarch/xarray-2025.7.1-pyhd8ed1ab_0.conda
packages:
- conda: https://conda.anaconda.org/conda-forge/osx-arm64/bzip2-1.0.8-h99b78c6_7.conda
  sha256: adfa71f158cbd872a36394c56c3568e6034aa55c623634b37a4836bd036e6b91
  md5: fc6948412dbbbe9a4c9ddbbcfe0a79ab
  depends:
  - __osx >=11.0
  arch: arm64
  platform: osx
  license: bzip2-1.0.6
  license_family: BSD
  size: 122909
  timestamp: 1720974522888
- conda: https://conda.anaconda.org/conda-forge/noarch/ca-certificates-2025.7.14-hbd8a1cb_0.conda
  sha256: 29defbd83c7829788358678ec996adeee252fa4d4274b7cd386c1ed73d2b201e
  md5: d16c90324aef024877d8713c0b7fea5b
  depends:
  - __unix
  license: ISC
  size: 155658
  timestamp: 1752482350666
- conda: https://conda.anaconda.org/conda-forge/osx-arm64/clarabel-0.11.1-py312hfb10456_0.conda
  sha256: df999867f9d6fc2ed55a325b23c40febafec0400b52eaf454ac09a3d5f7bbe4c
  md5: 9b9c31cba08c52a074e8889392273818
  depends:
  - __osx >=11.0
  - python >=3.12,<3.13.0a0
  - python >=3.12,<3.13.0a0 *_cpython
  - python_abi 3.12.* *_cp312
  constrains:
  - __osx >=11.0
  arch: arm64
  platform: osx
  license: Apache-2.0
  license_family: Apache
  size: 768024
  timestamp: 1749718189644
- conda: https://conda.anaconda.org/conda-forge/osx-arm64/cvxpy-1.5.3-py312h1f38498_0.conda
  sha256: 83e02b08ee0d60b8e5125b6ceacc94238429f4e58ca416d99ba57609b298b319
  md5: 3b1c220b5383a6304e44b4bab4e9283a
  depends:
  - clarabel >=0.5
  - cvxpy-base 1.5.3 py312h8ae5369_0
  - ecos >=2
  - osqp >=0.6.2
  - python >=3.12,<3.13.0a0
  - python_abi 3.12.* *_cp312
  - scs >=3.0
  arch: arm64
  platform: osx
  license: Apache-2.0
  license_family: Apache
  size: 134793
  timestamp: 1724065715512
- conda: https://conda.anaconda.org/conda-forge/osx-arm64/cvxpy-base-1.5.3-py312h8ae5369_0.conda
  sha256: bf36f08e076f898e9d555a9da72cf54093fedb0ee7d01a4acbca17a6d3226944
  md5: 538cd8dabf4bb5d811543e98d9b2446d
  depends:
  - __osx >=11.0
  - libcxx >=16
  - numpy >=1.19,<3
  - python >=3.12,<3.13.0a0
  - python >=3.12,<3.13.0a0 *_cpython
  - python_abi 3.12.* *_cp312
  - scipy >=1.1.0
  arch: arm64
  platform: osx
  license: Apache-2.0
  license_family: Apache
  size: 1437680
  timestamp: 1724065660422
- conda: https://conda.anaconda.org/conda-forge/osx-arm64/ecos-2.0.14-py312h755e627_1.conda
  sha256: 33cee5585fb0a63a5f1c9317f76c05549d4e54a8327cb5c31a782aac5817d740
  md5: e4096462ca2147f09fb6ca2a130a88ab
  depends:
  - __osx >=11.0
  - numpy >=1.19,<3
  - python >=3.12,<3.13.0a0
  - python >=3.12,<3.13.0a0 *_cpython
  - python_abi 3.12.* *_cp312
  - scipy >=1.1
  arch: arm64
  platform: osx
  license: GPL-3.0-only
  license_family: GPL
  size: 88954
  timestamp: 1725950398780
- conda: https://conda.anaconda.org/conda-forge/osx-arm64/libblas-3.9.0-32_h10e41b3_openblas.conda
  build_number: 32
  sha256: 2775472dd81d43dc20804b484028560bfecd5ab4779e39f1fb95684da3ff2029
  md5: d4a1732d2b330c9d5d4be16438a0ac78
  depends:
  - libopenblas >=0.3.30,<0.3.31.0a0
  - libopenblas >=0.3.30,<1.0a0
  constrains:
  - blas 2.132   openblas
  - liblapack  3.9.0   32*_openblas
  - mkl <2025
  - libcblas   3.9.0   32*_openblas
  - liblapacke 3.9.0   32*_openblas
  arch: arm64
  platform: osx
  license: BSD-3-Clause
  license_family: BSD
  size: 17520
  timestamp: 1750388963178
- conda: https://conda.anaconda.org/conda-forge/osx-arm64/libcblas-3.9.0-32_hb3479ef_openblas.conda
  build_number: 32
  sha256: 25d46ace14c3ac45d4aa18b5f7a0d3d30cec422297e900f8b97a66334232061c
  md5: d8e8ba717ae863b13a7495221f2b5a71
  depends:
  - libblas 3.9.0 32_h10e41b3_openblas
  constrains:
  - blas 2.132   openblas
  - liblapack  3.9.0   32*_openblas
  - liblapacke 3.9.0   32*_openblas
  arch: arm64
  platform: osx
  license: BSD-3-Clause
  license_family: BSD
  size: 17485
  timestamp: 1750388970626
- conda: https://conda.anaconda.org/conda-forge/osx-arm64/libcxx-20.1.8-hf598326_1.conda
  sha256: 119b3ac75cb1ea29981e5053c2cb10d5f0b06fcc81b486cb7281f160daf673a1
  md5: a69ef3239d3268ef8602c7a7823fd982
  depends:
  - __osx >=11.0
  arch: arm64
  platform: osx
  license: Apache-2.0 WITH LLVM-exception
  license_family: Apache
  size: 568267
  timestamp: 1752814881595
- conda: https://conda.anaconda.org/conda-forge/osx-arm64/libexpat-2.7.1-hec049ff_0.conda
  sha256: 8fbb17a56f51e7113ed511c5787e0dec0d4b10ef9df921c4fd1cccca0458f648
  md5: b1ca5f21335782f71a8bd69bdc093f67
  depends:
  - __osx >=11.0
  constrains:
  - expat 2.7.1.*
  arch: arm64
  platform: osx
  license: MIT
  license_family: MIT
  size: 65971
  timestamp: 1752719657566
- conda: https://conda.anaconda.org/conda-forge/osx-arm64/libffi-3.4.6-h1da3d7d_1.conda
  sha256: c6a530924a9b14e193ea9adfe92843de2a806d1b7dbfd341546ece9653129e60
  md5: c215a60c2935b517dcda8cad4705734d
  depends:
  - __osx >=11.0
  arch: arm64
  platform: osx
  license: MIT
  license_family: MIT
  size: 39839
  timestamp: 1743434670405
- conda: https://conda.anaconda.org/conda-forge/osx-arm64/libgfortran-5.0.0-14_2_0_h6c33f7e_103.conda
  sha256: 8628746a8ecd311f1c0d14bb4f527c18686251538f7164982ccbe3b772de58b5
  md5: 044a210bc1d5b8367857755665157413
  depends:
  - libgfortran5 14.2.0 h6c33f7e_103
  arch: arm64
  platform: osx
  license: GPL-3.0-only WITH GCC-exception-3.1
  license_family: GPL
  size: 156291
  timestamp: 1743863532821
- conda: https://conda.anaconda.org/conda-forge/osx-arm64/libgfortran5-14.2.0-h6c33f7e_103.conda
  sha256: 8599453990bd3a449013f5fa3d72302f1c68f0680622d419c3f751ff49f01f17
  md5: 69806c1e957069f1d515830dcc9f6cbb
  depends:
  - llvm-openmp >=8.0.0
  constrains:
  - libgfortran 5.0.0 14_2_0_*_103
  arch: arm64
  platform: osx
  license: GPL-3.0-only WITH GCC-exception-3.1
  license_family: GPL
  size: 806566
  timestamp: 1743863491726
- conda: https://conda.anaconda.org/conda-forge/osx-arm64/liblapack-3.9.0-32_hc9a63f6_openblas.conda
  build_number: 32
  sha256: 5e1cfa3581d1dec6b07a75084ff6cfa4b4465c646c6884a71c78a28543f83b61
  md5: bf9ead3fa92fd75ad473c6a1d255ffcb
  depends:
  - libblas 3.9.0 32_h10e41b3_openblas
  constrains:
  - blas 2.132   openblas
  - libcblas   3.9.0   32*_openblas
  - liblapacke 3.9.0   32*_openblas
  arch: arm64
  platform: osx
  license: BSD-3-Clause
  license_family: BSD
  size: 17507
  timestamp: 1750388977861
- conda: https://conda.anaconda.org/conda-forge/osx-arm64/liblzma-5.8.1-h39f12f2_2.conda
  sha256: 0cb92a9e026e7bd4842f410a5c5c665c89b2eb97794ffddba519a626b8ce7285
  md5: d6df911d4564d77c4374b02552cb17d1
  depends:
  - __osx >=11.0
  constrains:
  - xz 5.8.1.*
  arch: arm64
  platform: osx
  license: 0BSD
  size: 92286
  timestamp: 1749230283517
- conda: https://conda.anaconda.org/conda-forge/osx-arm64/libopenblas-0.3.30-openmp_hf332438_0.conda
  sha256: 501c8c64f1a6e6b671e49835e6c483bc25f0e7147f3eb4bbb19a4c3673dcaf28
  md5: 5d7dbaa423b4c253c476c24784286e4b
  depends:
  - __osx >=11.0
  - libgfortran 5.*
  - libgfortran5 >=13.3.0
  - llvm-openmp >=18.1.8
  constrains:
  - openblas >=0.3.30,<0.3.31.0a0
  arch: arm64
  platform: osx
  license: BSD-3-Clause
  license_family: BSD
  size: 4163399
  timestamp: 1750378829050
- conda: https://conda.anaconda.org/conda-forge/osx-arm64/libosqp-0.6.3-h5833ebf_1.conda
  sha256: 05740cc58df7a9c966a277331dea1987db485508c0a35d2ac9ef562f8061df06
  md5: 7b4c6d7f35e9fe945e810e213d21b942
  depends:
  - __osx >=11.0
  - libcxx >=17
  - libqdldl >=0.1.7,<0.1.8.0a0
  arch: arm64
  platform: osx
  license: Apache-2.0
  license_family: APACHE
  size: 360361
  timestamp: 1729342406705
- conda: https://conda.anaconda.org/conda-forge/osx-arm64/libqdldl-0.1.7-hb7217d7_0.conda
  sha256: 39bb718bca8ce87afdc592d857944ba39bfac54c31a1de4d669597b52bc668ea
  md5: b4df6812b4ab33c1a520287f46d91220
  depends:
  - libcxx >=14.0.6
  arch: arm64
  platform: osx
  license: Apache-2.0
  license_family: APACHE
  size: 17189
  timestamp: 1680741853527
- conda: https://conda.anaconda.org/conda-forge/osx-arm64/libsqlite-3.50.3-hf8de324_0.conda
  sha256: d5bfc49bf5f68318830dfc359739386e32413a873072fc78994ced6af3fd08df
  md5: 4366ba8a8b7a283aaaca877597be65df
  depends:
  - __osx >=11.0
  - libzlib >=1.3.1,<2.0a0
  arch: arm64
  platform: osx
  license: Unlicense
  size: 899228
  timestamp: 1752825238869
- conda: https://conda.anaconda.org/conda-forge/osx-arm64/libzlib-1.3.1-h8359307_2.conda
  sha256: ce34669eadaba351cd54910743e6a2261b67009624dbc7daeeafdef93616711b
  md5: 369964e85dc26bfe78f41399b366c435
  depends:
  - __osx >=11.0
  constrains:
  - zlib 1.3.1 *_2
  arch: arm64
  platform: osx
  license: Zlib
  license_family: Other
  size: 46438
  timestamp: 1727963202283
- conda: https://conda.anaconda.org/conda-forge/osx-arm64/llvm-openmp-20.1.8-hbb9b287_0.conda
  sha256: d731910cd4d084574c6bba0638ac98906c1fd8104a2e844f69813e641cf72305
  md5: 6f5b4542c2dd772024d9f7e7b0d5e41a
  depends:
  - __osx >=11.0
  constrains:
  - openmp 20.1.8|20.1.8.*
  arch: arm64
  platform: osx
  license: Apache-2.0 WITH LLVM-exception
  license_family: APACHE
  size: 283218
  timestamp: 1752565794800
- conda: https://conda.anaconda.org/conda-forge/osx-arm64/ncurses-6.5-h5e97a16_3.conda
  sha256: 2827ada40e8d9ca69a153a45f7fd14f32b2ead7045d3bbb5d10964898fe65733
  md5: 068d497125e4bf8a66bf707254fff5ae
  depends:
  - __osx >=11.0
  arch: arm64
  platform: osx
  license: X11 AND BSD-3-Clause
  size: 797030
  timestamp: 1738196177597
- conda: https://conda.anaconda.org/conda-forge/osx-arm64/numpy-2.3.1-py312h2f38b44_1.conda
  sha256: 3e368987983b19ba9160a2ab8a6cb9f24887a582cf1415a0302248cbc130e9ec
  md5: 0258aaaff6a328732162de0dbe069a67
  depends:
  - python
  - __osx >=11.0
  - libcxx >=19
  - python 3.12.* *_cpython
  - liblapack >=3.9.0,<4.0a0
  - libcblas >=3.9.0,<4.0a0
  - python_abi 3.12.* *_cp312
  - libblas >=3.9.0,<4.0a0
  constrains:
  - numpy-base <0a0
  arch: arm64
  platform: osx
  license: BSD-3-Clause
  license_family: BSD
  size: 6651591
  timestamp: 1752612968284
- conda: https://conda.anaconda.org/conda-forge/osx-arm64/openssl-3.5.1-h81ee809_0.conda
  sha256: f94fde0f096fa79794c8aa0a2665630bbf9026cc6438e8253f6555fc7281e5a8
  md5: a8ac77e7c7e58d43fa34d60bd4361062
  depends:
  - __osx >=11.0
  - ca-certificates
  arch: arm64
  platform: osx
  license: Apache-2.0
  license_family: Apache
  size: 3071649
  timestamp: 1751390309393
- conda: https://conda.anaconda.org/conda-forge/osx-arm64/osqp-0.6.7.post3-py312h72a45a2_1.conda
  sha256: 9e1adbbe20af1e2920afc3f59f4ae7529833ea120fefb4f224652600278dc4b0
  md5: 3f575f46564913d00caf0e7672fb33b7
  depends:
  - __osx >=11.0
  - libcxx >=17
  - libosqp >=0.6.3,<0.6.4.0a0
  - numpy >=1.19,<3
  - python >=3.12,<3.13.0a0
  - python >=3.12,<3.13.0a0 *_cpython
  - python_abi 3.12.* *_cp312
  - qdldl-python
  - scipy
  arch: arm64
  platform: osx
  license: Apache-2.0
  license_family: Apache
  size: 137573
  timestamp: 1729549082984
- conda: https://conda.anaconda.org/conda-forge/noarch/packaging-25.0-pyh29332c3_1.conda
  sha256: 289861ed0c13a15d7bbb408796af4de72c2fe67e2bcb0de98f4c3fce259d7991
  md5: 58335b26c38bf4a20f399384c33cbcf9
  depends:
  - python >=3.8
  - python
  license: Apache-2.0
  license_family: APACHE
  size: 62477
  timestamp: 1745345660407
- conda: https://conda.anaconda.org/conda-forge/osx-arm64/pandas-2.3.1-py312h98f7732_0.conda
  sha256: f4f98436dde01309935102de2ded045bb5500b42fb30a3bf8751b15affee4242
  md5: d3775e9b27579a0e96150ce28a2542bd
  depends:
  - __osx >=11.0
  - libcxx >=19
  - numpy >=1.22.4
  - numpy >=1.23,<3
  - python >=3.12,<3.13.0a0
  - python >=3.12,<3.13.0a0 *_cpython
  - python-dateutil >=2.8.2
  - python-tzdata >=2022.7
  - python_abi 3.12.* *_cp312
  - pytz >=2020.1
  constrains:
  - openpyxl >=3.1.0
  - pyarrow >=10.0.1
  - s3fs >=2022.11.0
  - zstandard >=0.19.0
  - psycopg2 >=2.9.6
  - fastparquet >=2022.12.0
  - fsspec >=2022.11.0
  - qtpy >=2.3.0
  - blosc >=1.21.3
  - xlsxwriter >=3.0.5
  - xarray >=2022.12.0
  - python-calamine >=0.1.7
  - tabulate >=0.9.0
  - odfpy >=1.4.1
  - numexpr >=2.8.4
  - tzdata >=2022.7
  - scipy >=1.10.0
  - pyreadstat >=1.2.0
  - beautifulsoup4 >=4.11.2
  - numba >=0.56.4
  - pyqt5 >=5.15.9
  - pytables >=3.8.0
  - lxml >=4.9.2
  - xlrd >=2.0.1
  - matplotlib >=3.6.3
  - bottleneck >=1.3.6
  - pandas-gbq >=0.19.0
  - html5lib >=1.1
  - pyxlsb >=1.0.10
  - sqlalchemy >=2.0.0
  - gcsfs >=2022.11.0
  arch: arm64
  platform: osx
  license: BSD-3-Clause
  license_family: BSD
  size: 13991815
  timestamp: 1752082557265
- conda: https://conda.anaconda.org/conda-forge/osx-arm64/python-3.12.11-hc22306f_0_cpython.conda
  sha256: cde8b944c2dc378a5afbc48028d0843583fd215493d5885a80f1b41de085552f
  md5: 9207ebad7cfbe2a4af0702c92fd031c4
  depends:
  - __osx >=11.0
  - bzip2 >=1.0.8,<2.0a0
  - libexpat >=2.7.0,<3.0a0
  - libffi >=3.4.6,<3.5.0a0
  - liblzma >=5.8.1,<6.0a0
  - libsqlite >=3.50.0,<4.0a0
  - libzlib >=1.3.1,<2.0a0
  - ncurses >=6.5,<7.0a0
  - openssl >=3.5.0,<4.0a0
  - readline >=8.2,<9.0a0
  - tk >=8.6.13,<8.7.0a0
  - tzdata
  constrains:
  - python_abi 3.12.* *_cp312
  arch: arm64
  platform: osx
  license: Python-2.0
  size: 13009234
  timestamp: 1749048134449
- conda: https://conda.anaconda.org/conda-forge/noarch/python-dateutil-2.9.0.post0-pyhe01879c_2.conda
  sha256: d6a17ece93bbd5139e02d2bd7dbfa80bee1a4261dced63f65f679121686bf664
  md5: 5b8d21249ff20967101ffa321cab24e8
  depends:
  - python >=3.9
  - six >=1.5
  - python
  license: Apache-2.0
  license_family: APACHE
  size: 233310
  timestamp: 1751104122689
- conda: https://conda.anaconda.org/conda-forge/noarch/python-tzdata-2025.2-pyhd8ed1ab_0.conda
  sha256: e8392a8044d56ad017c08fec2b0eb10ae3d1235ac967d0aab8bd7b41c4a5eaf0
  md5: 88476ae6ebd24f39261e0854ac244f33
  depends:
  - python >=3.9
  license: Apache-2.0
  license_family: APACHE
  size: 144160
  timestamp: 1742745254292
- conda: https://conda.anaconda.org/conda-forge/noarch/python_abi-3.12-8_cp312.conda
  build_number: 8
  sha256: 80677180dd3c22deb7426ca89d6203f1c7f1f256f2d5a94dc210f6e758229809
  md5: c3efd25ac4d74b1584d2f7a57195ddf1
  constrains:
  - python 3.12.* *_cpython
  license: BSD-3-Clause
  license_family: BSD
  size: 6958
  timestamp: 1752805918820
- conda: https://conda.anaconda.org/conda-forge/noarch/pytz-2025.2-pyhd8ed1ab_0.conda
  sha256: 8d2a8bf110cc1fc3df6904091dead158ba3e614d8402a83e51ed3a8aa93cdeb0
  md5: bc8e3267d44011051f2eb14d22fb0960
  depends:
  - python >=3.9
  license: MIT
  license_family: MIT
  size: 189015
  timestamp: 1742920947249
- conda: https://conda.anaconda.org/conda-forge/osx-arm64/qdldl-python-0.1.7.post5-np20py312h7ca56ae_1.conda
  sha256: 7d6a3043b53927fe5780622c3f71d307c7c41588df7e979e68f3e84253b5c361
  md5: 109be030f1d1ddd49c2ab8363efde076
  depends:
  - python
  - scipy
  - libcxx >=18
  - python 3.12.* *_cpython
  - __osx >=11.0
  - libqdldl >=0.1.7,<0.1.8.0a0
  - python_abi 3.12.* *_cp312
  - numpy >=1.19,<3
  arch: arm64
  platform: osx
  license: Apache-2.0
  license_family: APACHE
  size: 134022
  timestamp: 1743980548416
- conda: https://conda.anaconda.org/conda-forge/osx-arm64/readline-8.2-h1d1bf99_2.conda
  sha256: 7db04684d3904f6151eff8673270922d31da1eea7fa73254d01c437f49702e34
  md5: 63ef3f6e6d6d5c589e64f11263dc5676
  depends:
  - ncurses >=6.5,<7.0a0
  arch: arm64
  platform: osx
  license: GPL-3.0-only
  license_family: GPL
  size: 252359
  timestamp: 1740379663071
- conda: https://conda.anaconda.org/conda-forge/osx-arm64/scipy-1.16.0-py312hcedbd36_0.conda
  sha256: d0033c0414910c2bb6005e005e0df266a6c21e1928efec2df3251736245c1258
  md5: b3ab5755feaabeaf889063663790eb25
  depends:
  - __osx >=11.0
  - libblas >=3.9.0,<4.0a0
  - libcblas >=3.9.0,<4.0a0
  - libcxx >=18
  - libgfortran 5.*
  - libgfortran5 >=13.3.0
  - libgfortran5 >=14.2.0
  - liblapack >=3.9.0,<4.0a0
  - numpy <2.6
  - numpy >=1.23,<3
  - numpy >=1.25.2
  - python >=3.12,<3.13.0a0
  - python >=3.12,<3.13.0a0 *_cpython
  - python_abi 3.12.* *_cp312
  arch: arm64
  platform: osx
  license: BSD-3-Clause
  license_family: BSD
  size: 13846609
  timestamp: 1751148522848
- conda: https://conda.anaconda.org/conda-forge/osx-arm64/scs-3.2.7.post2-default_py312h2836932_0.conda
  sha256: 04f552c0d593042a300ba4e7eb5d7f971be00b2abfffe8345e1016bd591f9482
  md5: 34f61c7aa524eebb3626ad5031543709
  depends:
  - __osx >=11.0
  - libblas >=3.9.0,<4.0a0
  - liblapack >=3.9.0,<4.0a0
  - numpy >=1.19,<3
  - python >=3.12,<3.13.0a0
  - python >=3.12,<3.13.0a0 *_cpython
  - python_abi 3.12.* *_cp312
  - scipy >=0.13.2
  constrains:
  - cvxpy >1.1.15
  arch: arm64
  platform: osx
  license: MIT
  license_family: MIT
  size: 72866
  timestamp: 1736119079577
- conda: https://conda.anaconda.org/conda-forge/noarch/six-1.17.0-pyhd8ed1ab_0.conda
  sha256: 41db0180680cc67c3fa76544ffd48d6a5679d96f4b71d7498a759e94edc9a2db
  md5: a451d576819089b0d672f18768be0f65
  depends:
  - python >=3.9
  license: MIT
  license_family: MIT
  size: 16385
  timestamp: 1733381032766
- conda: https://conda.anaconda.org/conda-forge/osx-arm64/tk-8.6.13-h892fb3f_2.conda
  sha256: cb86c522576fa95c6db4c878849af0bccfd3264daf0cc40dd18e7f4a7bfced0e
  md5: 7362396c170252e7b7b0c8fb37fe9c78
  depends:
  - __osx >=11.0
  - libzlib >=1.3.1,<2.0a0
  arch: arm64
  platform: osx
  license: TCL
  license_family: BSD
  size: 3125538
  timestamp: 1748388189063
- conda: https://conda.anaconda.org/conda-forge/noarch/tzdata-2025b-h78e105d_0.conda
  sha256: 5aaa366385d716557e365f0a4e9c3fca43ba196872abbbe3d56bb610d131e192
  md5: 4222072737ccff51314b5ece9c7d6f5a
  license: LicenseRef-Public-Domain
  size: 122968
  timestamp: 1742727099393
- conda: https://conda.anaconda.org/conda-forge/noarch/xarray-2025.7.1-pyhd8ed1ab_0.conda
  sha256: f719959edfc9996630b1b2a41309be4daf6aefe6b5d09a81f06f90f7c9b33cf0
  md5: c82f70c3a5ef5ed1701baa92b6ba2d8e
  depends:
  - numpy >=1.26
  - packaging >=24.1
  - pandas >=2.2
  - python >=3.11
  constrains:
  - h5py >=3.11
  - zarr >=2.18
  - sparse >=0.15
  - toolz >=0.12
  - numba >=0.60
  - scipy >=1.13
  - cartopy >=0.23
  - distributed >=2024.6
  - dask-core >=2024.6
  - nc-time-axis >=1.4
  - hdf5 >=1.14
  - iris >=3.9
  - cftime >=1.6
  - bottleneck >=1.4
  - h5netcdf >=1.3
  - flox >=0.9
  - pint >=0.24
  - seaborn-base >=0.13
  - netcdf4 >=1.6.0
  - matplotlib-base >=3.8
  license: Apache-2.0
  license_family: APACHE
  size: 883059
  timestamp: 1752140533516
